{
    "_meta": {
        "hash": {
            "sha256": "03d843aaa1d8d41c535aafedcfd829afd10c53a488b5de81f1214335605372c5"
        },
        "pipfile-spec": 6,
        "requires": {
            "python_version": "3.6"
        },
        "sources": [
            {
                "name": "pypi",
                "url": "https://pypi.python.org/simple",
                "verify_ssl": true
            }
        ]
    },
    "default": {
        "alabaster": {
            "hashes": [
                "sha256:2eef172f44e8d301d25aff8068fddd65f767a3f04b5f15b0f4922f113aa1c732",
                "sha256:37cdcb9e9954ed60912ebc1ca12a9d12178c26637abdf124e3cde2341c257fe0"
            ],
            "version": "==0.7.10"
        },
        "babel": {
            "hashes": [
                "sha256:8ce4cb6fdd4393edd323227cba3a077bceb2a6ce5201c902c65e730046f41f14",
                "sha256:ad209a68d7162c4cff4b29cdebe3dec4cef75492df501b0049a9433c96ce6f80"
            ],
            "version": "==2.5.3"
        },
        "certifi": {
            "hashes": [
                "sha256:13e698f54293db9f89122b0581843a782ad0934a4fe0172d2a980ba77fc61bb7",
                "sha256:9fa520c1bacfb634fa7af20a76bcbd3d5fb390481724c597da32c719a7dca4b0"
            ],
            "version": "==2018.4.16"
        },
        "chardet": {
            "hashes": [
                "sha256:84ab92ed1c4d4f16916e05906b6b75a6c0fb5db821cc65e70cbd64a3e2a5eaae",
                "sha256:fc323ffcaeaed0e0a02bf4d117757b98aed530d9ed4531e3e15460124c106691"
            ],
            "version": "==3.0.4"
        },
        "configparser": {
            "hashes": [
                "sha256:5308b47021bc2340965c371f0f058cc6971a04502638d4244225c49d80db273a"
            ],
            "markers": "python_version == '2.7'",
            "version": "==3.5.0"
        },
        "docutils": {
            "hashes": [
                "sha256:02aec4bd92ab067f6ff27a38a38a41173bf01bed8f89157768c1573f53e474a6",
                "sha256:51e64ef2ebfb29cae1faa133b3710143496eca21c530f3f71424d77687764274",
                "sha256:7a4bd47eaf6596e1295ecb11361139febe29b084a87bf005bf899f9a42edc3c6"
            ],
            "version": "==0.14"
        },
        "entrypoints": {
            "hashes": [
                "sha256:10ad569bb245e7e2ba425285b9fa3e8178a0dc92fc53b1e1c553805e15a8825b",
                "sha256:d2d587dde06f99545fb13a383d2cd336a8ff1f359c5839ce3a64c917d10c029f"
            ],
            "index": "pypi",
            "version": "==0.2.3"
        },
        "idna": {
            "hashes": [
                "sha256:2c6a5de3089009e3da7c5dde64a141dbc8551d5b7f6cf4ed7c2568d0cc520a8f",
                "sha256:8c7309c718f94b3a625cb648ace320157ad16ff131ae0af362c9f21b80ef6ec4"
            ],
            "version": "==2.6"
        },
        "imagesize": {
            "hashes": [
                "sha256:3620cc0cadba3f7475f9940d22431fc4d407269f1be59ec9b8edcca26440cf18",
                "sha256:5b326e4678b6925158ccc66a9fa3122b6106d7c876ee32d7de6ce59385b96315"
            ],
            "version": "==1.0.0"
        },
        "jinja2": {
            "hashes": [
                "sha256:74c935a1b8bb9a3947c50a54766a969d4846290e1e788ea44c1392163723c3bd",
                "sha256:f84be1bb0040caca4cea721fcbbbbd61f9be9464ca236387158b0feea01914a4"
            ],
            "index": "pypi",
            "version": "==2.10"
        },
        "jsonschema": {
            "hashes": [
                "sha256:000e68abd33c972a5248544925a0cae7d1125f9bf6c58280d37546b946769a08",
                "sha256:6ff5f3180870836cae40f06fa10419f557208175f13ad7bc26caa77beb1f6e02"
            ],
            "index": "pypi",
            "version": "==2.6.0"
        },
        "m2r": {
            "hashes": [
                "sha256:a14635cdeedb125f0f85e014eb5898fd634e2da358a160c124818e9c9f851add"
            ],
            "index": "pypi",
            "version": "==0.1.14"
        },
        "markupsafe": {
            "hashes": [
                "sha256:a6be69091dac236ea9c6bc7d012beab42010fa914c459791d627dad4910eb665"
            ],
            "version": "==1.0"
        },
        "mistune": {
            "hashes": [
                "sha256:b4c512ce2fc99e5a62eb95a4aba4b73e5f90264115c40b70a21e1f7d4e0eac91",
                "sha256:bc10c33bfdcaa4e749b779f62f60d6e12f8215c46a292d05e486b869ae306619"
            ],
            "version": "==0.8.3"
        },
        "numpy": {
            "hashes": [
                "sha256:0074d42e2cc333800bd09996223d40ec52e3b1ec0a5cab05dacc09b662c4c1ae",
                "sha256:034717bfef517858abc79324820a702dc6cd063effb9baab86533e8a78670689",
                "sha256:0db6301324d0568089663ef2701ad90ebac0e975742c97460e89366692bd0563",
                "sha256:1864d005b2eb7598063e35c320787d87730d864f40d6410f768fe4ea20672016",
                "sha256:46ce8323ca9384814c7645298b8b627b7d04ce97d6948ef02da357b2389d6972",
                "sha256:510863d606c932b41d2209e4de6157ab3fdf52001d3e4ad351103176d33c4b8b",
                "sha256:560e23a12e7599be8e8b67621396c5bc687fd54b48b890adbc71bc5a67333f86",
                "sha256:57dc6c22d59054542600fce6fae2d1189b9c50bafc1aab32e55f7efcc84a6c46",
                "sha256:760550fdf9d8ec7da9c4402a4afe6e25c0f184ae132011676298a6b636660b45",
                "sha256:8670067685051b49d1f2f66e396488064299fefca199c7c80b6ba0c639fedc98",
                "sha256:9016692c7d390f9d378fc88b7a799dc9caa7eb938163dda5276d3f3d6f75debf",
                "sha256:98ff275f1b5907490d26b30b6ff111ecf2de0254f0ab08833d8fe61aa2068a00",
                "sha256:9ccf4d5c9139b1e985db915039baa0610a7e4a45090580065f8d8cb801b7422f",
                "sha256:a8dbab311d4259de5eeaa5b4e83f5f8545e4808f9144e84c0f424a6ee55a7b98",
                "sha256:aaef1bea636b6e552bbc5dae0ada87d4f6046359daaa97a05a013b0169620f27",
                "sha256:b8987e30d9a0eb6635df9705a75cf8c4a2835590244baecf210163343bc65176",
                "sha256:c3fe23df6fe0898e788581753da453f877350058c5982e85a8972feeecb15309",
                "sha256:c5eb7254cfc4bd7a4330ad7e1f65b98343836865338c57b0e25c661e41d5cfd9",
                "sha256:c80fcf9b38c7f4df666150069b04abbd2fe42ae640703a6e1f128cda83b552b7",
                "sha256:e33baf50f2f6b7153ddb973601a11df852697fba4c08b34a5e0f39f66f8120e1",
                "sha256:e8578a62a8eaf552b95d62f630bb5dd071243ba1302bbff3e55ac48588508736",
                "sha256:f22b3206f1c561dd9110b93d144c6aaa4a9a354e3b07ad36030df3ea92c5bb5b",
                "sha256:f39afab5769b3aaa786634b94b4a23ef3c150bdda044e8a32a3fc16ddafe803b"
            ],
            "index": "pypi",
            "version": "==1.14.3"
        },
        "numpydoc": {
            "hashes": [
                "sha256:61f4bf030937b60daa3262e421775838c945dcdd671f37b69e8e4854c7eb5ffd"
            ],
            "index": "pypi",
            "version": "==0.8.0"
        },
        "packaging": {
            "hashes": [
                "sha256:e9215d2d2535d3ae866c3d6efc77d5b24a0192cce0ff20e42896cc0664f889c0",
                "sha256:f019b770dd64e585a99714f1fd5e01c7a8f11b45635aa953fd41c689a657375b"
            ],
            "version": "==17.1"
        },
        "pandas": {
            "hashes": [
                "sha256:02541a4fdd31315f213a5c8e18708abad719ee03eda05f603c4fe973e9b9d770",
                "sha256:052a66f58783a59ea38fdfee25de083b107baa81fdbe38fabd169d0f9efce2bf",
                "sha256:06efae5c00b9f4c6e6d3fe1eb52e590ff0ea8e5cb58032c724e04d31c540de53",
                "sha256:12f2a19d0b0adf31170d98d0e8bcbc59add0965a9b0c65d39e0665400491c0c5",
                "sha256:244ae0b9e998cfa88452a49b20e29bf582cc7c0e69093876d505aec4f8e1c7fe",
                "sha256:2907f3fe91ca2119ac3c38de6891bbbc83333bfe0d98309768fee28de563ee7a",
                "sha256:44a94091dd71f05922eec661638ec1a35f26d573c119aa2fad964f10a2880e6c",
                "sha256:587a9816cc663c958fcff7907c553b73fe196604f990bc98e1b71ebf07e45b44",
                "sha256:66403162c8b45325a995493bdd78ad4d8be085e527d721dbfa773d56fbba9c88",
                "sha256:68ac484e857dcbbd07ea7c6f516cc67f7f143f5313d9bc661470e7f473528882",
                "sha256:68b121d13177f5128a4c118bb4f73ba40df28292c038389961aa55ea5a996427",
                "sha256:97c8223d42d43d86ca359a57b4702ca0529c6553e83d736e93a5699951f0f8db",
                "sha256:af0dbac881f6f87acd325415adea0ce8cccf28f5d4ad7a54b6a1e176e2f7bf70",
                "sha256:c2cd884794924687edbaad40d18ac984054d247bb877890932c4d41e3c3aba31",
                "sha256:c372db80a5bcb143c9cb254d50f902772c3b093a4f965275197ec2d2184b1e61"
            ],
            "index": "pypi",
            "version": "==0.22.0"
        },
        "pillow": {
            "hashes": [
                "sha256:00633bc2ec40313f4daf351855e506d296ec3c553f21b66720d0f1225ca84c6f",
                "sha256:03514478db61b034fc5d38b9bf060f994e5916776e93f02e59732a8270069c61",
                "sha256:040144ba422216aecf7577484865ade90e1a475f867301c48bf9fbd7579efd76",
                "sha256:16246261ff22368e5e32ad74d5ef40403ab6895171a7fc6d34f6c17cfc0f1943",
                "sha256:1cb38df69362af35c14d4a50123b63c7ff18ec9a6d4d5da629a6f19d05e16ba8",
                "sha256:2400e122f7b21d9801798207e424cbe1f716cee7314cd0c8963fdb6fc564b5fb",
                "sha256:2ee6364b270b56a49e8b8a51488e847ab130adc1220c171bed6818c0d4742455",
                "sha256:3b4560c3891b05022c464b09121bd507c477505a4e19d703e1027a3a7c68d896",
                "sha256:41374a6afb3f44794410dab54a0d7175e6209a5a02d407119c81083f1a4c1841",
                "sha256:438a3faf5f702c8d0f80b9f9f9b8382cfa048ca6a0d64ef71b86b563b0ee0359",
                "sha256:472a124c640bde4d5468f6991c9fa7e30b723d84ac4195a77c6ab6aea30f2b9c",
                "sha256:4d32c8e3623a61d6e29ccd024066cd1ba556555abfb4cd714155020e00107e3f",
                "sha256:4d8077fd649ac40a5c4165f2c22fa2a4ad18c668e271ecb2f9d849d1017a9313",
                "sha256:62ec7ae98357fcd46002c110bb7cad15fce532776f0cbe7ca1d44c49b837d49d",
                "sha256:6c7cab6a05351cf61e469937c49dbf3cdf5ffb3eeac71f8d22dc9be3507598d8",
                "sha256:6eca36905444c4b91fe61f1b9933a47a30480738a1dd26501ff67d94fc2bc112",
                "sha256:74e2ebfd19c16c28ad43b8a28ff73b904ed382ea4875188838541751986e8c9a",
                "sha256:7673e7473a13107059377c96c563aa36f73184c29d2926882e0a0210b779a1e7",
                "sha256:81762cf5fca9a82b53b7b2d0e6b420e0f3b06167b97678c81d00470daa622d58",
                "sha256:8554bbeb4218d9cfb1917c69e6f2d2ad0be9b18a775d2162547edf992e1f5f1f",
                "sha256:9b66e968da9c4393f5795285528bc862c7b97b91251f31a08004a3c626d18114",
                "sha256:a00edb2dec0035e98ac3ec768086f0b06dfabb4ad308592ede364ef573692f55",
                "sha256:b48401752496757e95304a46213c3155bc911ac884bed2e9b275ce1c1df3e293",
                "sha256:b6cf18f9e653a8077522bb3aa753a776b117e3e0cc872c25811cfdf1459491c2",
                "sha256:bb8adab1877e9213385cbb1adc297ed8337e01872c42a30cfaa66ff8c422779c",
                "sha256:c8a4b39ba380b57a31a4b5449a9d257b1302d8bc4799767e645dcee25725efe1",
                "sha256:cee9bc75bff455d317b6947081df0824a8f118de2786dc3d74a3503fd631f4ef",
                "sha256:d0dc1313dff48af64517cbbd85e046d6b477fbe5e9d69712801f024dcb08c62b",
                "sha256:d5bf527ed83617edd1855a5c923eeeaf68bcb9ac0ceb28e3f19b575b3a424984",
                "sha256:df5863a21f91de5ecdf7d32a32f406dd9867ebb35d41033b8bd9607a21887599",
                "sha256:e39142332541ed2884c257495504858b22c078a5d781059b07aba4c3a80d7551",
                "sha256:e52e8f675ba0b2b417fa98579e7286a41a8e23871f17f4793772f5aa884fea79",
                "sha256:e6dd55d5d94b9e36929325dd0c9ab85bfde84a5fc35947c334c32af1af668944",
                "sha256:e87cc1acbebf263f308a8494272c2d42016aa33c32bf14d209c81e1f65e11868",
                "sha256:ea0091cd4100519cedfeea2c659f52291f535ac6725e2368bcf59e874f270efa",
                "sha256:eeb247f4f4d962942b3b555530b0c63b77473c7bfe475e51c6b75b7344b49ce3",
                "sha256:f0d4433adce6075efd24fc0285135248b0b50f5a58129c7e552030e04fe45c7f",
                "sha256:f1f3bd92f8e12dc22884935a73c9f94c4d9bd0d34410c456540713d6b7832b8c",
                "sha256:f42a87cbf50e905f49f053c0b1fb86c911c730624022bf44c8857244fc4cdaca",
                "sha256:f5f302db65e2e0ae96e26670818157640d3ca83a3054c290eff3631598dcf819",
                "sha256:f7634d534662bbb08976db801ba27a112aee23e597eeaf09267b4575341e45bf",
                "sha256:fdd374c02e8bb2d6468a85be50ea66e1c4ef9e809974c30d8576728473a6ed03",
                "sha256:fe6931db24716a0845bd8c8915bd096b77c2a7043e6fc59ae9ca364fe816f08b"
            ],
            "index": "pypi",
            "version": "==5.1.0"
        },
        "pygments": {
            "hashes": [
                "sha256:78f3f434bcc5d6ee09020f92ba487f95ba50f1e3ef83ae96b9d5ffa1bab25c5d",
                "sha256:dbae1046def0efb574852fab9e90209b23f556367b5a320c0bcb871c77c3e8cc"
            ],
            "version": "==2.2.0"
        },
        "pyparsing": {
            "hashes": [
                "sha256:0832bcf47acd283788593e7a0f542407bd9550a55a8a8435214a1960e04bcb04",
                "sha256:281683241b25fe9b80ec9d66017485f6deff1af5cde372469134b56ca8447a07",
                "sha256:8f1e18d3fd36c6795bb7e02a39fd05c611ffc2596c1e0d995d34d67630426c18",
                "sha256:9e8143a3e15c13713506886badd96ca4b579a87fbdf49e550dbfc057d6cb218e",
                "sha256:b8b3117ed9bdf45e14dcc89345ce638ec7e0e29b2b579fa1ecf32ce45ebac8a5",
                "sha256:e4d45427c6e20a59bf4f88c639dcc03ce30d193112047f94012102f235853a58",
                "sha256:fee43f17a9c4087e7ed1605bd6df994c6173c1e977d7ade7b651292fab2bd010"
            ],
            "version": "==2.2.0"
        },
        "python-dateutil": {
            "hashes": [
                "sha256:3220490fb9741e2342e1cf29a503394fdac874bc39568288717ee67047ff29df",
                "sha256:9d8074be4c993fbe4947878ce593052f71dac82932a677d49194d8ce9778002e"
            ],
            "version": "==2.7.2"
        },
        "pytz": {
            "hashes": [
                "sha256:65ae0c8101309c45772196b21b74c46b2e5d11b6275c45d251b150d5da334555",
                "sha256:c06425302f2cf668f1bba7a0a03f3c1d34d4ebeef2c72003da308b3947c7f749"
            ],
            "version": "==2018.4"
        },
        "requests": {
            "hashes": [
                "sha256:6a1b267aa90cac58ac3a765d067950e7dbbf75b1da07e895d1f594193a40a38b",
                "sha256:9c443e7324ba5b85070c4a818ade28bfabedf16ea10206da1132edaa6dda237e"
            ],
            "version": "==2.18.4"
        },
        "selenium": {
            "hashes": [
                "sha256:2b6f018e55f50e9c67a67caec2f73f806f72c162fb38cf3ea79e0a8f6506bf56",
                "sha256:5841fb30c3965866220c34d16de8e3d091e2833fcac385160a63db0c3522a297"
            ],
            "index": "pypi",
            "version": "==3.11.0"
        },
        "six": {
            "hashes": [
                "sha256:70e8a77beed4562e7f14fe23a786b54f6296e34344c23bc42f07b15018ff98e9",
                "sha256:832dc0e10feb1aa2c68dcc57dbb658f1c7e65b9b61af69048abc87a2db00a0eb"
            ],
            "index": "pypi",
            "version": "==1.11.0"
        },
        "snowballstemmer": {
            "hashes": [
                "sha256:919f26a68b2c17a7634da993d91339e288964f93c274f1343e3bbbe2096e1128",
                "sha256:9f3bcd3c401c3e862ec0ebe6d2c069ebc012ce142cce209c098ccb5b09136e89"
            ],
            "version": "==1.2.1"
        },
        "sphinx": {
            "hashes": [
                "sha256:2e7ad92e96eff1b2006cf9f0cdb2743dacbae63755458594e9e8238b0c3dc60b",
                "sha256:e9b1a75a3eae05dded19c80eb17325be675e0698975baae976df603b6ed1eb10"
            ],
            "index": "pypi",
            "version": "==1.7.4"
        },
        "sphinx-rtd-theme": {
            "hashes": [
                "sha256:220dbf14814001c6475f0c6c25ac4129a18fb5e3681251a7c6ffb1646da5cc30",
                "sha256:665135dfbdf8f1d218442458a18cf266444354b8c98eed93d1543f7e701cfdba"
            ],
            "index": "pypi",
            "version": "==0.3.0"
        },
        "sphinxcontrib-websupport": {
            "hashes": [
                "sha256:7a85961326aa3a400cd4ad3c816d70ed6f7c740acd7ce5d78cd0a67825072eb9",
                "sha256:f4932e95869599b89bf4f80fc3989132d83c9faa5bf633e7b5e0c25dffb75da2"
            ],
            "version": "==1.0.1"
        },
        "toolz": {
            "hashes": [
                "sha256:929f0a7ea7f61c178bd951bdae93920515d3fbdbafc8e6caf82d752b9b3b31c9"
            ],
            "index": "pypi",
            "version": "==0.9.0"
        },
        "typing": {
            "hashes": [
                "sha256:3a887b021a77b292e151afb75323dea88a7bc1b3dfa92176cff8e44c8b68bddf",
                "sha256:b2c689d54e1144bbcfd191b0832980a21c2dbcf7b5ff7a66248a60c90e951eb8",
                "sha256:d400a9344254803a2368533e4533a4200d21eb7b6b729c173bc38201a74db3f2"
            ],
            "index": "pypi",
            "version": "==3.6.4"
        },
        "urllib3": {
            "hashes": [
                "sha256:06330f386d6e4b195fbfc736b297f58c5a892e4440e54d294d7004e3a9bbea1b",
                "sha256:cc44da8e1145637334317feebd728bd869a35285b93cbb4cca2577da7e62db4f"
            ],
            "version": "==1.22"
        }
    },
    "develop": {}
}
